{
  "pins" : [
    {
      "identity" : "ncmb_swift",
      "kind" : "remoteSourceControl",
      "location" : "https://github.com/NIFCLOUD-mbaas/ncmb_swift",
      "state" : {
        "branch" : "master",
        "revision" : "baf424008726bc40cd56908f0e6ce03a9acbcd2c"
      }
    }
  ],
  "version" : 2
}
